schema_version: '1.0'
document:
  kind: semantic_authority_lock
  version: 1.0.0
  status: active
  path: governance/semantic-lock.yml
contracts:
  semantic_families: f4e29a902cf6fd1f0746e407345e20b3ca7857d4e40ec121d7e3014bcab50ff8
  application_operations: 0b825ac76cd6bd3e1930989c28ab320b818e1a70f1bf3a03b2b4f16e5efda7a5
  canonical_representations: 60679d23cd2ade82251af5c2f313c49d8473e5f29be0a28d484c8d530fa07934
source_inventory_sha256: c854c47ca070c725b819c378280692764eec3317a1d87dfbe9058a5c27812bfc
projection_outputs: []
