schema_version: '1.0'
document:
  kind: semantic_authority_lock
  version: 1.0.0
  status: active
  path: governance/semantic-lock.yml
contracts:
  semantic_families: fa432257949a3192e1fb4bdfc25dbc6d284d61110b597b7eae0ea4cf58d25ff6
  application_operations: 67527d57f8f7d1460064448a0b726842024c6e63b62404eab1393591b77c6577
  canonical_representations: c7e3dedd879bfb012e48621e058fe3e6dcdaa99428514bead6163e181d8a8278
source_inventory_sha256: 177ff02213f495b4e39b85a04084b8ca10f4cab4fddd8a61757113fde595c8b7
projection_outputs: []
